<?xml version="1.0" encoding="utf-8"?>
<Project ToolsVersion="4.0" xmlns="http://schemas.microsoft.com/developer/msbuild/2003">
  <ItemGroup>
    <Filter Include="Base">
      <UniqueIdentifier>{60EC827C-4C23-840D-F50F-6A10E125000F}</UniqueIdentifier>
    </Filter>
    <Filter Include="Base\Container">
      <UniqueIdentifier>{32AC1ED5-1E7A-12DB-070E-8301F37AEE3F}</UniqueIdentifier>
    </Filter>
    <Filter Include="Base\Math">
      <UniqueIdentifier>{390DA402-A577-5879-EEB5-091F5A5F36CE}</UniqueIdentifier>
    </Filter>
    <Filter Include="Platform">
      <UniqueIdentifier>{2AC788B4-1694-E3BF-3FAD-D1672BD9184E}</UniqueIdentifier>
    </Filter>
    <Filter Include="Platform\OSLinux">
      <UniqueIdentifier>{CB0F507D-B708-6FCF-E03A-5454CC924EDB}</UniqueIdentifier>
    </Filter>
    <Filter Include="Platform\OSMac">
      <UniqueIdentifier>{ECDB3694-D8A9-2A9A-C13D-9BC0ADAA06FF}</UniqueIdentifier>
    </Filter>
    <Filter Include="Platform\OSWindows">
      <UniqueIdentifier>{E6614A60-D245-0BB6-3BA6-050927A9F537}</UniqueIdentifier>
    </Filter>
    <Filter Include="Platform\RenderSystem">
      <UniqueIdentifier>{BE1CD1D9-2A89-8CD4-F37C-24325FA8AE3C}</UniqueIdentifier>
    </Filter>
    <Filter Include="Platform\RenderSystem\DirectX11">
      <UniqueIdentifier>{0244FA01-6E27-0942-772A-377EE38CCF92}</UniqueIdentifier>
    </Filter>
    <Filter Include="Platform\RenderSystem\DirectX12">
      <UniqueIdentifier>{0344FA01-6F27-0942-782A-377EE48CCF92}</UniqueIdentifier>
    </Filter>
    <Filter Include="Platform\RenderSystem\Metal">
      <UniqueIdentifier>{40643C26-AC71-6A0C-3558-66F7A16436C3}</UniqueIdentifier>
    </Filter>
    <Filter Include="Platform\RenderSystem\OpenGL">
      <UniqueIdentifier>{324432F3-1EFF-219F-C7B6-9AE9B3506C2F}</UniqueIdentifier>
    </Filter>
    <Filter Include="Platform\RenderSystem\Vulkan">
      <UniqueIdentifier>{7EA8E403-6A63-D4AF-131B-4DFAFFB41E40}</UniqueIdentifier>
    </Filter>
    <Filter Include="Steins">
      <UniqueIdentifier>{FB7AE7D1-E71C-12A8-D0D7-25FCBC1899F8}</UniqueIdentifier>
    </Filter>
    <Filter Include="Steins\Core">
      <UniqueIdentifier>{33B49BFC-9F69-14F2-285E-0EC994120BF6}</UniqueIdentifier>
    </Filter>
    <Filter Include="Steins\Enum">
      <UniqueIdentifier>{1FC99CFC-8B7E-15F2-1473-0FC980270CF6}</UniqueIdentifier>
    </Filter>
    <Filter Include="Steins\Event">
      <UniqueIdentifier>{8C0C3A90-786F-C934-21F5-01EB0D3795B7}</UniqueIdentifier>
    </Filter>
    <Filter Include="Steins\ImGui">
      <UniqueIdentifier>{65007D90-5163-0C35-FAE8-44EBE62AD8B7}</UniqueIdentifier>
    </Filter>
    <Filter Include="Steins\Render">
      <UniqueIdentifier>{0AD19FB4-7691-1BEB-3FCC-6468AB4B60C7}</UniqueIdentifier>
    </Filter>
  </ItemGroup>
  <ItemGroup>
    <ClInclude Include="Source\Base\Base.h">
      <Filter>Base</Filter>
    </ClInclude>
    <ClInclude Include="Source\Base\Container\Array.h">
      <Filter>Base\Container</Filter>
    </ClInclude>
    <ClInclude Include="Source\Base\Math\Vector2.h">
      <Filter>Base\Math</Filter>
    </ClInclude>
    <ClInclude Include="Source\Base\Math\Vector3.h">
      <Filter>Base\Math</Filter>
    </ClInclude>
    <ClInclude Include="Source\Base\MathTypes.h">
      <Filter>Base</Filter>
    </ClInclude>
    <ClInclude Include="Source\Base\Wrappers.h">
      <Filter>Base</Filter>
    </ClInclude>
    <ClInclude Include="Source\Platform\OSLinux\LinuxWindow.h">
      <Filter>Platform\OSLinux</Filter>
    </ClInclude>
    <ClInclude Include="Source\Platform\OSMac\MacOSWindow.h">
      <Filter>Platform\OSMac</Filter>
    </ClInclude>
    <ClInclude Include="Source\Platform\OSWindows\WindowsWindow.h">
      <Filter>Platform\OSWindows</Filter>
    </ClInclude>
    <ClInclude Include="Source\Platform\RenderSystem\DirectX11\D3D11GraphicsDevice.h">
      <Filter>Platform\RenderSystem\DirectX11</Filter>
    </ClInclude>
    <ClInclude Include="Source\Platform\RenderSystem\DirectX12\D3D12GraphicsDevice.h">
      <Filter>Platform\RenderSystem\DirectX12</Filter>
    </ClInclude>
    <ClInclude Include="Source\Platform\RenderSystem\Metal\MetalGraphicsDevice.h">
      <Filter>Platform\RenderSystem\Metal</Filter>
    </ClInclude>
    <ClInclude Include="Source\Platform\RenderSystem\OpenGL\OpenGLGraphicsDevice.h">
      <Filter>Platform\RenderSystem\OpenGL</Filter>
    </ClInclude>
    <ClInclude Include="Source\Platform\RenderSystem\OpenGL\OpenGLVertexBuffer.h">
      <Filter>Platform\RenderSystem\OpenGL</Filter>
    </ClInclude>
    <ClInclude Include="Source\Platform\RenderSystem\Vulkan\VulkanGraphicsDevice.h">
      <Filter>Platform\RenderSystem\Vulkan</Filter>
    </ClInclude>
    <ClInclude Include="Source\Steins.h" />
    <ClInclude Include="Source\Steins\Core\Application.h">
      <Filter>Steins\Core</Filter>
    </ClInclude>
    <ClInclude Include="Source\Steins\Core\Assert.h">
      <Filter>Steins\Core</Filter>
    </ClInclude>
    <ClInclude Include="Source\Steins\Core\EntryPoint.h">
      <Filter>Steins\Core</Filter>
    </ClInclude>
    <ClInclude Include="Source\Steins\Core\GameObject.h">
      <Filter>Steins\Core</Filter>
    </ClInclude>
    <ClInclude Include="Source\Steins\Core\Input.h">
      <Filter>Steins\Core</Filter>
    </ClInclude>
    <ClInclude Include="Source\Steins\Core\KeyCodes.h">
      <Filter>Steins\Core</Filter>
    </ClInclude>
    <ClInclude Include="Source\Steins\Core\Layer.h">
      <Filter>Steins\Core</Filter>
    </ClInclude>
    <ClInclude Include="Source\Steins\Core\LayerStack.h">
      <Filter>Steins\Core</Filter>
    </ClInclude>
    <ClInclude Include="Source\Steins\Core\Logger.h">
      <Filter>Steins\Core</Filter>
    </ClInclude>
    <ClInclude Include="Source\Steins\Core\MouseCodes.h">
      <Filter>Steins\Core</Filter>
    </ClInclude>
    <ClInclude Include="Source\Steins\Core\PlatformDetection.h">
      <Filter>Steins\Core</Filter>
    </ClInclude>
    <ClInclude Include="Source\Steins\Enum\RendererAPI.h">
      <Filter>Steins\Enum</Filter>
    </ClInclude>
    <ClInclude Include="Source\Steins\Event\ApplicationEvent.h">
      <Filter>Steins\Event</Filter>
    </ClInclude>
    <ClInclude Include="Source\Steins\Event\Event.h">
      <Filter>Steins\Event</Filter>
    </ClInclude>
    <ClInclude Include="Source\Steins\Event\KeyEvent.h">
      <Filter>Steins\Event</Filter>
    </ClInclude>
    <ClInclude Include="Source\Steins\Event\MouseEvent.h">
      <Filter>Steins\Event</Filter>
    </ClInclude>
    <ClInclude Include="Source\Steins\ImGui\ImGuiHelper.h">
      <Filter>Steins\ImGui</Filter>
    </ClInclude>
    <ClInclude Include="Source\Steins\ImGui\ImGuiLayer.h">
      <Filter>Steins\ImGui</Filter>
    </ClInclude>
    <ClInclude Include="Source\Steins\Render\Buffer.h">
      <Filter>Steins\Render</Filter>
    </ClInclude>
    <ClInclude Include="Source\Steins\Render\GraphicsDevice.h">
      <Filter>Steins\Render</Filter>
    </ClInclude>
    <ClInclude Include="Source\Steins\Render\Renderer.h">
      <Filter>Steins\Render</Filter>
    </ClInclude>
    <ClInclude Include="Source\Steins\Render\Shader.h">
      <Filter>Steins\Render</Filter>
    </ClInclude>
    <ClInclude Include="Source\Steins\Window.h">
      <Filter>Steins</Filter>
    </ClInclude>
    <ClInclude Include="Source\Steins\WindowDefine.h">
      <Filter>Steins</Filter>
    </ClInclude>
    <ClInclude Include="Source\SteinsPCH.h" />
  </ItemGroup>
  <ItemGroup>
    <ClCompile Include="Source\Base\Container\Array.cpp">
      <Filter>Base\Container</Filter>
    </ClCompile>
    <ClCompile Include="Source\Base\Math\Vector2.cpp">
      <Filter>Base\Math</Filter>
    </ClCompile>
    <ClCompile Include="Source\Base\Math\Vector3.cpp">
      <Filter>Base\Math</Filter>
    </ClCompile>
    <ClCompile Include="Source\Platform\OSLinux\LinuxWindow.cpp">
      <Filter>Platform\OSLinux</Filter>
    </ClCompile>
    <ClCompile Include="Source\Platform\OSMac\MacOSWindow.cpp">
      <Filter>Platform\OSMac</Filter>
    </ClCompile>
    <ClCompile Include="Source\Platform\OSWindows\WindowsInput.cpp">
      <Filter>Platform\OSWindows</Filter>
    </ClCompile>
    <ClCompile Include="Source\Platform\OSWindows\WindowsWindow.cpp">
      <Filter>Platform\OSWindows</Filter>
    </ClCompile>
    <ClCompile Include="Source\Platform\RenderSystem\DirectX11\D3D11GraphicsDevice.cpp">
      <Filter>Platform\RenderSystem\DirectX11</Filter>
    </ClCompile>
    <ClCompile Include="Source\Platform\RenderSystem\DirectX12\D3D12GraphicsDevice.cpp">
      <Filter>Platform\RenderSystem\DirectX12</Filter>
    </ClCompile>
    <ClCompile Include="Source\Platform\RenderSystem\Metal\MetalGraphicsDevice.cpp">
      <Filter>Platform\RenderSystem\Metal</Filter>
    </ClCompile>
    <ClCompile Include="Source\Platform\RenderSystem\OpenGL\OpenGLGraphicsDevice.cpp">
      <Filter>Platform\RenderSystem\OpenGL</Filter>
    </ClCompile>
    <ClCompile Include="Source\Platform\RenderSystem\OpenGL\OpenGLVertexBuffer.cpp">
      <Filter>Platform\RenderSystem\OpenGL</Filter>
    </ClCompile>
    <ClCompile Include="Source\Platform\RenderSystem\Vulkan\VulkanGraphicsDevice.cpp">
      <Filter>Platform\RenderSystem\Vulkan</Filter>
    </ClCompile>
    <ClCompile Include="Source\Steins\Core\Application.cpp">
      <Filter>Steins\Core</Filter>
    </ClCompile>
    <ClCompile Include="Source\Steins\Core\GameObject.cpp">
      <Filter>Steins\Core</Filter>
    </ClCompile>
    <ClCompile Include="Source\Steins\Core\Input.cpp">
      <Filter>Steins\Core</Filter>
    </ClCompile>
    <ClCompile Include="Source\Steins\Core\Layer.cpp">
      <Filter>Steins\Core</Filter>
    </ClCompile>
    <ClCompile Include="Source\Steins\Core\LayerStack.cpp">
      <Filter>Steins\Core</Filter>
    </ClCompile>
    <ClCompile Include="Source\Steins\Core\Logger.cpp">
      <Filter>Steins\Core</Filter>
    </ClCompile>
    <ClCompile Include="Source\Steins\ImGui\ImGuiBackends.cpp">
      <Filter>Steins\ImGui</Filter>
    </ClCompile>
    <ClCompile Include="Source\Steins\ImGui\ImGuiHelper.cpp">
      <Filter>Steins\ImGui</Filter>
    </ClCompile>
    <ClCompile Include="Source\Steins\ImGui\ImGuiLayer.cpp">
      <Filter>Steins\ImGui</Filter>
    </ClCompile>
    <ClCompile Include="Source\Steins\Render\Buffer.cpp">
      <Filter>Steins\Render</Filter>
    </ClCompile>
    <ClCompile Include="Source\Steins\Render\Renderer.cpp">
      <Filter>Steins\Render</Filter>
    </ClCompile>
    <ClCompile Include="Source\Steins\Render\Shader.cpp">
      <Filter>Steins\Render</Filter>
    </ClCompile>
    <ClCompile Include="Source\Steins\Window.cpp">
      <Filter>Steins</Filter>
    </ClCompile>
    <ClCompile Include="Source\SteinsPCH.cpp" />
  </ItemGroup>
</Project>