<?xml version="1.0" encoding="utf-8"?>
<Project ToolsVersion="4.0" xmlns="http://schemas.microsoft.com/developer/msbuild/2003">
  <ItemGroup>
    <Filter Include="Steins">
      <UniqueIdentifier>{FB7AE7D1-E71C-12A8-D0D7-25FCBC1899F8}</UniqueIdentifier>
    </Filter>
    <Filter Include="Steins\Core">
      <UniqueIdentifier>{33B49BFC-9F69-14F2-285E-0EC994120BF6}</UniqueIdentifier>
    </Filter>
  </ItemGroup>
  <ItemGroup>
    <ClInclude Include="Source\Steins.h" />
    <ClInclude Include="Source\Steins\Core\Application.h">
      <Filter>Steins\Core</Filter>
    </ClInclude>
    <ClInclude Include="Source\Steins\Core\Assert.h">
      <Filter>Steins\Core</Filter>
    </ClInclude>
    <ClInclude Include="Source\Steins\Core\EntryPoint.h">
      <Filter>Steins\Core</Filter>
    </ClInclude>
    <ClInclude Include="Source\Steins\Core\Logger.h">
      <Filter>Steins\Core</Filter>
    </ClInclude>
    <ClInclude Include="Source\Steins\Core\PlatformDetection.h">
      <Filter>Steins\Core</Filter>
    </ClInclude>
    <ClInclude Include="Source\SteinsPCH.h" />
    <ClInclude Include="Source\Base\MathTypes.h" />
    <ClInclude Include="Source\Steins\Event\Event.h" />
    <ClInclude Include="Source\Steins\Core\GameObject.h" />
    <ClInclude Include="Source\Steins\Event\ApplicationEvent.h" />
    <ClInclude Include="Source\Steins\Event\KeyEvent.h" />
    <ClInclude Include="Source\Steins\Event\MouseEvent.h" />
    <ClInclude Include="Source\Steins\Window.h" />
    <ClInclude Include="Source\Platform\Windows\WindowsWindow.h" />
    <ClInclude Include="Layer.h" />
    <ClInclude Include="Source\Steins\Core\KeyCodes.h" />
    <ClInclude Include="Source\Steins\Core\Input.h" />
    <ClInclude Include="Source\Steins\Core\MouseCodes.h" />
    <ClInclude Include="Source\Base\Wrappers.h" />
  </ItemGroup>
  <ItemGroup>
    <ClCompile Include="Source\Steins\Core\Application.cpp">
      <Filter>Steins\Core</Filter>
    </ClCompile>
    <ClCompile Include="Source\Steins\Core\Logger.cpp">
      <Filter>Steins\Core</Filter>
    </ClCompile>
    <ClCompile Include="Source\SteinsPCH.cpp" />
    <ClCompile Include="Source\Steins\Core\GameObject.cpp" />
    <ClCompile Include="Source\Platform\Windows\WindowsWindow.cpp" />
    <ClCompile Include="Layer.cpp" />
    <ClCompile Include="Source\Platform\Windows\WindowsInput.cpp" />
    <ClCompile Include="Source\Steins\Core\Input.cpp" />
    <ClCompile Include="Source\Steins\Window.cpp" />
  </ItemGroup>
</Project>