<?xml version="1.0" encoding="utf-8"?>
<Project ToolsVersion="4.0" xmlns="http://schemas.microsoft.com/developer/msbuild/2003">
  <ItemGroup>
    <Filter Include="Base">
      <UniqueIdentifier>{60EC827C-4C23-840D-F50F-6A10E125000F}</UniqueIdentifier>
    </Filter>
    <Filter Include="Base\Container">
      <UniqueIdentifier>{32AC1ED5-1E7A-12DB-070E-8301F37AEE3F}</UniqueIdentifier>
    </Filter>
    <Filter Include="Base\Math">
      <UniqueIdentifier>{390DA402-A577-5879-EEB5-091F5A5F36CE}</UniqueIdentifier>
    </Filter>
    <Filter Include="Platform">
      <UniqueIdentifier>{2AC788B4-1694-E3BF-3FAD-D1672BD9184E}</UniqueIdentifier>
    </Filter>
    <Filter Include="Platform\RenderSystem">
      <UniqueIdentifier>{BE1CD1D9-2A89-8CD4-F37C-24325FA8AE3C}</UniqueIdentifier>
    </Filter>
    <Filter Include="Platform\RenderSystem\DirectX11">
      <UniqueIdentifier>{0244FA01-6E27-0942-772A-377EE38CCF92}</UniqueIdentifier>
    </Filter>
    <Filter Include="Platform\RenderSystem\OpenGL">
      <UniqueIdentifier>{324432F3-1EFF-219F-C7B6-9AE9B3506C2F}</UniqueIdentifier>
    </Filter>
    <Filter Include="Platform\Windows">
      <UniqueIdentifier>{64FBD71A-50F4-F66C-7926-DCF1657ED678}</UniqueIdentifier>
    </Filter>
    <Filter Include="Steins">
      <UniqueIdentifier>{FB7AE7D1-E71C-12A8-D0D7-25FCBC1899F8}</UniqueIdentifier>
    </Filter>
    <Filter Include="Steins\Core">
      <UniqueIdentifier>{33B49BFC-9F69-14F2-285E-0EC994120BF6}</UniqueIdentifier>
    </Filter>
    <Filter Include="Steins\Event">
      <UniqueIdentifier>{8C0C3A90-786F-C934-21F5-01EB0D3795B7}</UniqueIdentifier>
    </Filter>
    <Filter Include="Steins\ImGui">
      <UniqueIdentifier>{65007D90-5163-0C35-FAE8-44EBE62AD8B7}</UniqueIdentifier>
    </Filter>
  </ItemGroup>
  <ItemGroup>
    <ClInclude Include="Source\Base\Base.h">
      <Filter>Base</Filter>
    </ClInclude>
    <ClInclude Include="Source\Base\Container\Array.h">
      <Filter>Base\Container</Filter>
    </ClInclude>
    <ClInclude Include="Source\Base\Math\Vector2.h">
      <Filter>Base\Math</Filter>
    </ClInclude>
    <ClInclude Include="Source\Base\MathTypes.h">
      <Filter>Base</Filter>
    </ClInclude>
    <ClInclude Include="Source\Base\Wrappers.h">
      <Filter>Base</Filter>
    </ClInclude>
    <ClInclude Include="Source\Platform\RenderSystem\DirectX11\RenderSystemDX11.h">
      <Filter>Platform\RenderSystem\DirectX11</Filter>
    </ClInclude>
    <ClInclude Include="Source\Platform\RenderSystem\OpenGL\RenderSystemGL.h">
      <Filter>Platform\RenderSystem\OpenGL</Filter>
    </ClInclude>
    <ClInclude Include="Source\Platform\RenderSystem\RenderSystem.h">
      <Filter>Platform\RenderSystem</Filter>
    </ClInclude>
    <ClInclude Include="Source\Platform\Windows\WindowsWindow.h">
      <Filter>Platform\Windows</Filter>
    </ClInclude>
    <ClInclude Include="Source\Steins.h" />
    <ClInclude Include="Source\Steins\Core\Application.h">
      <Filter>Steins\Core</Filter>
    </ClInclude>
    <ClInclude Include="Source\Steins\Core\Assert.h">
      <Filter>Steins\Core</Filter>
    </ClInclude>
    <ClInclude Include="Source\Steins\Core\EntryPoint.h">
      <Filter>Steins\Core</Filter>
    </ClInclude>
    <ClInclude Include="Source\Steins\Core\GameObject.h">
      <Filter>Steins\Core</Filter>
    </ClInclude>
    <ClInclude Include="Source\Steins\Core\Input.h">
      <Filter>Steins\Core</Filter>
    </ClInclude>
    <ClInclude Include="Source\Steins\Core\KeyCodes.h">
      <Filter>Steins\Core</Filter>
    </ClInclude>
    <ClInclude Include="Source\Steins\Core\Layer.h">
      <Filter>Steins\Core</Filter>
    </ClInclude>
    <ClInclude Include="Source\Steins\Core\LayerStack.h">
      <Filter>Steins\Core</Filter>
    </ClInclude>
    <ClInclude Include="Source\Steins\Core\Logger.h">
      <Filter>Steins\Core</Filter>
    </ClInclude>
    <ClInclude Include="Source\Steins\Core\MouseCodes.h">
      <Filter>Steins\Core</Filter>
    </ClInclude>
    <ClInclude Include="Source\Steins\Core\PlatformDetection.h">
      <Filter>Steins\Core</Filter>
    </ClInclude>
    <ClInclude Include="Source\Steins\Event\ApplicationEvent.h">
      <Filter>Steins\Event</Filter>
    </ClInclude>
    <ClInclude Include="Source\Steins\Event\Event.h">
      <Filter>Steins\Event</Filter>
    </ClInclude>
    <ClInclude Include="Source\Steins\Event\KeyEvent.h">
      <Filter>Steins\Event</Filter>
    </ClInclude>
    <ClInclude Include="Source\Steins\Event\MouseEvent.h">
      <Filter>Steins\Event</Filter>
    </ClInclude>
    <ClInclude Include="Source\Steins\ImGui\ImGuiLayer.h">
      <Filter>Steins\ImGui</Filter>
    </ClInclude>
    <ClInclude Include="Source\Steins\Window.h">
      <Filter>Steins</Filter>
    </ClInclude>
    <ClInclude Include="Source\Steins\WindowDefine.h">
      <Filter>Steins</Filter>
    </ClInclude>
    <ClInclude Include="Source\SteinsPCH.h" />
  </ItemGroup>
  <ItemGroup>
    <ClCompile Include="Source\Base\Container\Array.cpp">
      <Filter>Base\Container</Filter>
    </ClCompile>
    <ClCompile Include="Source\Base\Math\Vector2.cpp">
      <Filter>Base\Math</Filter>
    </ClCompile>
    <ClCompile Include="Source\Platform\RenderSystem\DirectX11\RenderSystemDX11.cpp">
      <Filter>Platform\RenderSystem\DirectX11</Filter>
    </ClCompile>
    <ClCompile Include="Source\Platform\RenderSystem\OpenGL\RenderSystemGL.cpp">
      <Filter>Platform\RenderSystem\OpenGL</Filter>
    </ClCompile>
    <ClCompile Include="Source\Platform\Windows\WindowsInput.cpp">
      <Filter>Platform\Windows</Filter>
    </ClCompile>
    <ClCompile Include="Source\Platform\Windows\WindowsWindow.cpp">
      <Filter>Platform\Windows</Filter>
    </ClCompile>
    <ClCompile Include="Source\Steins\Core\Application.cpp">
      <Filter>Steins\Core</Filter>
    </ClCompile>
    <ClCompile Include="Source\Steins\Core\GameObject.cpp">
      <Filter>Steins\Core</Filter>
    </ClCompile>
    <ClCompile Include="Source\Steins\Core\Input.cpp">
      <Filter>Steins\Core</Filter>
    </ClCompile>
    <ClCompile Include="Source\Steins\Core\Layer.cpp">
      <Filter>Steins\Core</Filter>
    </ClCompile>
    <ClCompile Include="Source\Steins\Core\LayerStack.cpp">
      <Filter>Steins\Core</Filter>
    </ClCompile>
    <ClCompile Include="Source\Steins\Core\Logger.cpp">
      <Filter>Steins\Core</Filter>
    </ClCompile>
    <ClCompile Include="Source\Steins\ImGui\ImGuiLayer.cpp">
      <Filter>Steins\ImGui</Filter>
    </ClCompile>
    <ClCompile Include="Source\Steins\Window.cpp">
      <Filter>Steins</Filter>
    </ClCompile>
    <ClCompile Include="Source\SteinsPCH.cpp" />
  </ItemGroup>
</Project>